
Microsoft Visual Studio Solution File, Format Version 12.00
Project("{FAE04EC0-301F-11D3-BF4B-00C04F79EFBC}") = "DNMKSpritesheet", "DNMKSpritesheet\DNMKSpritesheet.csproj", "{81D8C418-E4C8-49A4-9A60-E7556F6837DD}"
EndProject
Global
	GlobalSection(SolutionConfigurationPlatforms) = preSolution
		Debug|Any CPU = Debug|Any CPU
		Release|Any CPU = Release|Any CPU
	EndGlobalSection
	GlobalSection(ProjectConfigurationPlatforms) = postSolution
		{81D8C418-E4C8-49A4-9A60-E7556F6837DD}.Debug|Any CPU.ActiveCfg = Debug|Any CPU
		{81D8C418-E4C8-49A4-9A60-E7556F6837DD}.Debug|Any CPU.Build.0 = Debug|Any CPU
		{81D8C418-E4C8-49A4-9A60-E7556F6837DD}.Release|Any CPU.ActiveCfg = Release|Any CPU
		{81D8C418-E4C8-49A4-9A60-E7556F6837DD}.Release|Any CPU.Build.0 = Release|Any CPU
	EndGlobalSection
EndGlobal
